
Microsoft Visual Studio Solution File, Format Version 11.00
# Visual Studio 2010
Project("{FAE04EC0-301F-11D3-BF4B-00C04F79EFBC}") = "Assembly-CSharp", "Assembly-CSharp.csproj", "{01BBAB58-9885-7699-BD4F-22D67EDDF4D4}"
EndProject
Project("{FAE04EC0-301F-11D3-BF4B-00C04F79EFBC}") = "Unity.XR.Management.Samples", "Unity.XR.Management.Samples.csproj", "{99869F31-1F68-9267-1850-EE8F490D8619}"
EndProject
Project("{FAE04EC0-301F-11D3-BF4B-00C04F79EFBC}") = "Unity.XR.Management.Samples.Editor", "Unity.XR.Management.Samples.Editor.csproj", "{A53EEF1C-7213-4067-49FE-EF836025E628}"
EndProject
Global
	GlobalSection(SolutionConfigurationPlatforms) = preSolution
		Debug|Any CPU = Debug|Any CPU
		Release|Any CPU = Release|Any CPU
	EndGlobalSection
	GlobalSection(ProjectConfigurationPlatforms) = postSolution
		{01BBAB58-9885-7699-BD4F-22D67EDDF4D4}.Debug|Any CPU.ActiveCfg = Debug|Any CPU
		{01BBAB58-9885-7699-BD4F-22D67EDDF4D4}.Debug|Any CPU.Build.0 = Debug|Any CPU
		{01BBAB58-9885-7699-BD4F-22D67EDDF4D4}.Release|Any CPU.ActiveCfg = Release|Any CPU
		{01BBAB58-9885-7699-BD4F-22D67EDDF4D4}.Release|Any CPU.Build.0 = Release|Any CPU
		{99869F31-1F68-9267-1850-EE8F490D8619}.Debug|Any CPU.ActiveCfg = Debug|Any CPU
		{99869F31-1F68-9267-1850-EE8F490D8619}.Debug|Any CPU.Build.0 = Debug|Any CPU
		{99869F31-1F68-9267-1850-EE8F490D8619}.Release|Any CPU.ActiveCfg = Release|Any CPU
		{99869F31-1F68-9267-1850-EE8F490D8619}.Release|Any CPU.Build.0 = Release|Any CPU
		{A53EEF1C-7213-4067-49FE-EF836025E628}.Debug|Any CPU.ActiveCfg = Debug|Any CPU
		{A53EEF1C-7213-4067-49FE-EF836025E628}.Debug|Any CPU.Build.0 = Debug|Any CPU
		{A53EEF1C-7213-4067-49FE-EF836025E628}.Release|Any CPU.ActiveCfg = Release|Any CPU
		{A53EEF1C-7213-4067-49FE-EF836025E628}.Release|Any CPU.Build.0 = Release|Any CPU
	EndGlobalSection
	GlobalSection(SolutionProperties) = preSolution
		HideSolutionNode = FALSE
	EndGlobalSection
EndGlobal
